
Microsoft Visual Studio Solution File, Format Version 12.00
# Visual Studio Version 16
VisualStudioVersion = 16.0.32901.82
MinimumVisualStudioVersion = 10.0.40219.1
Project("{FAE04EC0-301F-11D3-BF4B-00C04F79EFBC}") = "Find_the_Mines", "Find_the_Mines\Find_the_Mines.csproj", "{A38E9FAE-74D5-4AAE-9D89-C179A943A78E}"
EndProject
Global
	GlobalSection(SolutionConfigurationPlatforms) = preSolution
		Debug|Any CPU = Debug|Any CPU
		Release|Any CPU = Release|Any CPU
	EndGlobalSection
	GlobalSection(ProjectConfigurationPlatforms) = postSolution
		{A38E9FAE-74D5-4AAE-9D89-C179A943A78E}.Debug|Any CPU.ActiveCfg = Debug|Any CPU
		{A38E9FAE-74D5-4AAE-9D89-C179A943A78E}.Debug|Any CPU.Build.0 = Debug|Any CPU
		{A38E9FAE-74D5-4AAE-9D89-C179A943A78E}.Release|Any CPU.ActiveCfg = Release|Any CPU
		{A38E9FAE-74D5-4AAE-9D89-C179A943A78E}.Release|Any CPU.Build.0 = Release|Any CPU
	EndGlobalSection
	GlobalSection(SolutionProperties) = preSolution
		HideSolutionNode = FALSE
	EndGlobalSection
	GlobalSection(ExtensibilityGlobals) = postSolution
		SolutionGuid = {068DF1B7-7AD2-4C4D-B230-46065E95F0C2}
	EndGlobalSection
EndGlobal
